{
  "nodes": {
    "flake-utils": {
      "inputs": {
        "systems": "systems"
      },
      "locked": {
        "lastModified": 1689068808,
        "narHash": "sha256-6ixXo3wt24N/melDWjq70UuHQLxGV8jZvooRanIHXw0=",
        "owner": "numtide",
        "repo": "flake-utils",
        "rev": "919d646de7be200f3bf08cb76ae1f09402b6f9b4",
        "type": "github"
      },
      "original": {
        "owner": "numtide",
        "repo": "flake-utils",
        "type": "github"
      }
    },
    "nix-filter": {
      "locked": {
        "lastModified": 1687178632,
        "narHash": "sha256-HS7YR5erss0JCaUijPeyg2XrisEb959FIct3n2TMGbE=",
        "owner": "numtide",
        "repo": "nix-filter",
        "rev": "d90c75e8319d0dd9be67d933d8eb9d0894ec9174",
        "type": "github"
      },
      "original": {
        "owner": "numtide",
        "repo": "nix-filter",
        "type": "github"
      }
    },
    "nix-filter_2": {
      "locked": {
        "lastModified": 1687178632,
        "narHash": "sha256-HS7YR5erss0JCaUijPeyg2XrisEb959FIct3n2TMGbE=",
        "owner": "numtide",
        "repo": "nix-filter",
        "rev": "d90c75e8319d0dd9be67d933d8eb9d0894ec9174",
        "type": "github"
      },
      "original": {
        "owner": "numtide",
        "repo": "nix-filter",
        "type": "github"
      }
    },
    "nixpkgs": {
      "locked": {
        "lastModified": 1691592289,
        "narHash": "sha256-Lqpw7lrXlLkYra33tp57ms8tZ0StWhbcl80vk4D90F8=",
        "owner": "nixos",
        "repo": "nixpkgs",
        "rev": "9034b46dc4c7596a87ab837bb8a07ef2d887e8c7",
        "type": "github"
      },
      "original": {
        "owner": "nixos",
        "ref": "nixos-23.05",
        "repo": "nixpkgs",
        "type": "github"
      }
    },
    "nixpkgs-unstable": {
      "locked": {
        "lastModified": 1691654369,
        "narHash": "sha256-gSILTEx1jRaJjwZxRlnu3ZwMn1FVNk80qlwiCX8kmpo=",
        "owner": "nixos",
        "repo": "nixpkgs",
        "rev": "ce5e4a6ef2e59d89a971bc434ca8ca222b9c7f5e",
        "type": "github"
      },
      "original": {
        "owner": "nixos",
        "ref": "nixos-unstable",
        "repo": "nixpkgs",
        "type": "github"
      }
    },
    "nixpkgs_2": {
      "locked": {
        "lastModified": 1691006197,
        "narHash": "sha256-DbtxVWPt+ZP5W0Usg7jAyTomIM//c3Jtfa59Ht7AV8s=",
        "owner": "nixos",
        "repo": "nixpkgs",
        "rev": "66aedfd010204949cb225cf749be08cb13ce1813",
        "type": "github"
      },
      "original": {
        "owner": "nixos",
        "ref": "nixos-unstable",
        "repo": "nixpkgs",
        "type": "github"
      }
    },
    "openapi-checks": {
      "inputs": {
        "flake-utils": [
          "flake-utils"
        ],
        "nixpkgs": [
          "nixpkgs"
        ],
        "nixpkgs-unstable": [
          "nixpkgs-unstable"
        ]
      },
      "locked": {
        "lastModified": 1692023274,
        "narHash": "sha256-PiL/koPiJ4qa/6fsWjP9scS8CQdBTL9BMzNTJFUQ0pk=",
        "ref": "refs/heads/main",
        "rev": "47dfb71557761242cd8b269d4953087f3a617d1a",
        "revCount": 3,
        "type": "git",
        "url": "https://codeberg.org/joka/nix-openapi-checks"
      },
      "original": {
        "type": "git",
        "url": "https://codeberg.org/joka/nix-openapi-checks"
      }
    },
    "root": {
      "inputs": {
        "flake-utils": "flake-utils",
        "nix-filter": "nix-filter",
        "nixpkgs": "nixpkgs",
        "nixpkgs-unstable": "nixpkgs-unstable",
        "openapi-checks": "openapi-checks",
        "text-statistics": "text-statistics",
        "wlo-classification": "wlo-classification",
        "wlo-topic-assistant": "wlo-topic-assistant"
      }
    },
    "systems": {
      "locked": {
        "lastModified": 1681028828,
        "narHash": "sha256-Vy1rq5AaRuLzOxct8nz4T6wlgyUR7zLU309k9mBC768=",
        "owner": "nix-systems",
        "repo": "default",
        "rev": "da67096a3b9bf56a91d16901293e51ba5b49a27e",
        "type": "github"
      },
      "original": {
        "owner": "nix-systems",
        "repo": "default",
        "type": "github"
      }
    },
    "text-statistics": {
      "inputs": {
        "flake-utils": [
          "flake-utils"
        ],
        "nixpkgs": [
          "nixpkgs"
        ]
      },
      "locked": {
        "lastModified": 1691588835,
        "narHash": "sha256-vtSQPFpigJo5ycLWglx1K6fqHsHhd17oF1BeOXTo9Y0=",
        "owner": "openeduhub",
        "repo": "text-statistics",
        "rev": "fc54bd0eed83e96a5068648388ca16461a135274",
        "type": "github"
      },
      "original": {
        "owner": "openeduhub",
        "repo": "text-statistics",
        "type": "github"
      }
    },
    "wlo-classification": {
      "inputs": {
        "flake-utils": [
          "flake-utils"
        ],
        "nixpkgs": "nixpkgs_2"
      },
      "locked": {
        "lastModified": 1691745898,
        "narHash": "sha256-gBYRx+ooDPLkC3iUe4Krsw1XW93KIkK8wOz+tRiNhGo=",
        "owner": "joopitz",
        "repo": "wlo-classification",
        "rev": "8d8aca24b7d63dd920ef1009ce7bbe971a36c3f0",
        "type": "github"
      },
      "original": {
        "owner": "joopitz",
        "ref": "nix",
        "repo": "wlo-classification",
        "type": "github"
      }
    },
    "wlo-topic-assistant": {
      "inputs": {
        "flake-utils": [
          "flake-utils"
        ],
        "nix-filter": "nix-filter_2",
        "nixpkgs": [
          "nixpkgs"
        ]
      },
      "locked": {
        "lastModified": 1691756086,
        "narHash": "sha256-Pu45xcUaA6BVH1tL19mEvTXG6UscbpIGDeeDl7Em2Ok=",
        "owner": "joopitz",
        "repo": "wlo-topic-assistant",
        "rev": "189eb2c80ff4abea3228ff3d73acd6d01934d940",
        "type": "github"
      },
      "original": {
        "owner": "joopitz",
        "ref": "plainNix",
        "repo": "wlo-topic-assistant",
        "type": "github"
      }
    }
  },
  "root": "root",
  "version": 7
}
