{
  "nodes": {
    "auto-openapi-tests": {
      "inputs": {
        "flake-utils": [
          "openapi-checks",
          "flake-utils"
        ],
        "nix-filter": "nix-filter_4",
        "nixpkgs": [
          "openapi-checks",
          "nixpkgs"
        ]
      },
      "locked": {
        "lastModified": 1701948661,
        "narHash": "sha256-IRrhoeKoVI3GReh32/TDLT/fuqsgUq6A8WHqmJvuEpc=",
        "owner": "openeduhub",
        "repo": "auto-openapi-tests",
        "rev": "3dcff8218275d9b623c0d92c4686c0e0469454df",
        "type": "github"
      },
      "original": {
        "owner": "openeduhub",
        "repo": "auto-openapi-tests",
        "type": "github"
      }
    },
    "data-utils": {
      "inputs": {
        "flake-utils": [
          "its-jointprobability",
          "flake-utils"
        ],
        "nix-filter": "nix-filter",
        "nixpkgs": [
          "its-jointprobability",
          "nixpkgs"
        ],
        "nlprep": "nlprep"
      },
      "locked": {
        "lastModified": 1708437847,
        "narHash": "sha256-ZvkPh6FW3P0kivZcAFTbGIsCu3wnYd+KGzMkIG9G8tI=",
        "owner": "openeduhub",
        "repo": "data-utils",
        "rev": "c09b22312923c1b8807c329d7ca1b97aa59aeba5",
        "type": "github"
      },
      "original": {
        "owner": "openeduhub",
        "repo": "data-utils",
        "type": "github"
      }
    },
    "data-utils_2": {
      "inputs": {
        "flake-utils": [
          "topic-statistics",
          "flake-utils"
        ],
        "nix-filter": "nix-filter_5",
        "nixpkgs": [
          "topic-statistics",
          "nixpkgs"
        ],
        "nlprep": "nlprep_2"
      },
      "locked": {
        "lastModified": 1707474626,
        "narHash": "sha256-D43V6cui4R7NgP1vhtt1mOdQnnjPcFu2wqmYFT7+SjI=",
        "owner": "openeduhub",
        "repo": "data-utils",
        "rev": "d6a8eb25257d287ef1d6e8cb9fa51f87d0919654",
        "type": "github"
      },
      "original": {
        "owner": "openeduhub",
        "repo": "data-utils",
        "type": "github"
      }
    },
    "flake-utils": {
      "inputs": {
        "systems": "systems"
      },
      "locked": {
        "lastModified": 1705309234,
        "narHash": "sha256-uNRRNRKmJyCRC/8y1RqBkqWBLM034y4qN7EprSdmgyA=",
        "owner": "numtide",
        "repo": "flake-utils",
        "rev": "1ef2e671c3b0c19053962c07dbda38332dcebf26",
        "type": "github"
      },
      "original": {
        "owner": "numtide",
        "repo": "flake-utils",
        "type": "github"
      }
    },
    "flake-utils_2": {
      "inputs": {
        "systems": "systems_2"
      },
      "locked": {
        "lastModified": 1705309234,
        "narHash": "sha256-uNRRNRKmJyCRC/8y1RqBkqWBLM034y4qN7EprSdmgyA=",
        "owner": "numtide",
        "repo": "flake-utils",
        "rev": "1ef2e671c3b0c19053962c07dbda38332dcebf26",
        "type": "github"
      },
      "original": {
        "owner": "numtide",
        "repo": "flake-utils",
        "type": "github"
      }
    },
    "flake-utils_3": {
      "inputs": {
        "systems": "systems_3"
      },
      "locked": {
        "lastModified": 1694529238,
        "narHash": "sha256-zsNZZGTGnMOf9YpHKJqMSsa0dXbfmxeoJ7xHlrt+xmY=",
        "owner": "numtide",
        "repo": "flake-utils",
        "rev": "ff7b65b44d01cf9ba6a71320833626af21126384",
        "type": "github"
      },
      "original": {
        "owner": "numtide",
        "repo": "flake-utils",
        "type": "github"
      }
    },
    "flake-utils_4": {
      "inputs": {
        "systems": "systems_4"
      },
      "locked": {
        "lastModified": 1705309234,
        "narHash": "sha256-uNRRNRKmJyCRC/8y1RqBkqWBLM034y4qN7EprSdmgyA=",
        "owner": "numtide",
        "repo": "flake-utils",
        "rev": "1ef2e671c3b0c19053962c07dbda38332dcebf26",
        "type": "github"
      },
      "original": {
        "owner": "numtide",
        "repo": "flake-utils",
        "type": "github"
      }
    },
    "its-jointprobability": {
      "inputs": {
        "data-utils": "data-utils",
        "flake-utils": [
          "flake-utils"
        ],
        "nix-filter": [
          "nix-filter"
        ],
        "nixpkgs": "nixpkgs",
        "openapi-checks": [
          "openapi-checks"
        ]
      },
      "locked": {
        "lastModified": 1708440495,
        "narHash": "sha256-/tzKMPbqDNC0JRwD7v8fA2z2iPfV45SgDWp0ohDO/PU=",
        "owner": "openeduhub",
        "repo": "its-jointprobability",
        "rev": "a926e2a357138e46b4775ad44d68b47c47c66be8",
        "type": "github"
      },
      "original": {
        "owner": "openeduhub",
        "repo": "its-jointprobability",
        "type": "github"
      }
    },
    "nix-filter": {
      "locked": {
        "lastModified": 1705332318,
        "narHash": "sha256-kcw1yFeJe9N4PjQji9ZeX47jg0p9A0DuU4djKvg1a7I=",
        "owner": "numtide",
        "repo": "nix-filter",
        "rev": "3449dc925982ad46246cfc36469baf66e1b64f17",
        "type": "github"
      },
      "original": {
        "owner": "numtide",
        "repo": "nix-filter",
        "type": "github"
      }
    },
    "nix-filter_2": {
      "locked": {
        "lastModified": 1705332318,
        "narHash": "sha256-kcw1yFeJe9N4PjQji9ZeX47jg0p9A0DuU4djKvg1a7I=",
        "owner": "numtide",
        "repo": "nix-filter",
        "rev": "3449dc925982ad46246cfc36469baf66e1b64f17",
        "type": "github"
      },
      "original": {
        "owner": "numtide",
        "repo": "nix-filter",
        "type": "github"
      }
    },
    "nix-filter_3": {
      "locked": {
        "lastModified": 1705332318,
        "narHash": "sha256-kcw1yFeJe9N4PjQji9ZeX47jg0p9A0DuU4djKvg1a7I=",
        "owner": "numtide",
        "repo": "nix-filter",
        "rev": "3449dc925982ad46246cfc36469baf66e1b64f17",
        "type": "github"
      },
      "original": {
        "owner": "numtide",
        "repo": "nix-filter",
        "type": "github"
      }
    },
    "nix-filter_4": {
      "locked": {
        "lastModified": 1701697642,
        "narHash": "sha256-L217WytWZHSY8GW9Gx1A64OnNctbuDbfslaTEofXXRw=",
        "owner": "numtide",
        "repo": "nix-filter",
        "rev": "c843418ecfd0344ecb85844b082ff5675e02c443",
        "type": "github"
      },
      "original": {
        "owner": "numtide",
        "repo": "nix-filter",
        "type": "github"
      }
    },
    "nix-filter_5": {
      "locked": {
        "lastModified": 1705332318,
        "narHash": "sha256-kcw1yFeJe9N4PjQji9ZeX47jg0p9A0DuU4djKvg1a7I=",
        "owner": "numtide",
        "repo": "nix-filter",
        "rev": "3449dc925982ad46246cfc36469baf66e1b64f17",
        "type": "github"
      },
      "original": {
        "owner": "numtide",
        "repo": "nix-filter",
        "type": "github"
      }
    },
    "nix-filter_6": {
      "locked": {
        "lastModified": 1705332318,
        "narHash": "sha256-kcw1yFeJe9N4PjQji9ZeX47jg0p9A0DuU4djKvg1a7I=",
        "owner": "numtide",
        "repo": "nix-filter",
        "rev": "3449dc925982ad46246cfc36469baf66e1b64f17",
        "type": "github"
      },
      "original": {
        "owner": "numtide",
        "repo": "nix-filter",
        "type": "github"
      }
    },
    "nix2container": {
      "inputs": {
        "flake-utils": "flake-utils_3",
        "nixpkgs": "nixpkgs_2"
      },
      "locked": {
        "lastModified": 1708373500,
        "narHash": "sha256-Z99xGwhrOCHbuEsygO+8079XtRg1+xNKKWjQav/TeA4=",
        "owner": "nlewo",
        "repo": "nix2container",
        "rev": "3680aaa3cec382e8e114c5ab6212b11df4b194c8",
        "type": "github"
      },
      "original": {
        "owner": "nlewo",
        "repo": "nix2container",
        "type": "github"
      }
    },
    "nixpkgs": {
      "locked": {
        "lastModified": 1707786466,
        "narHash": "sha256-yLPfrmW87M2qt+8bAmwopJawa+MJLh3M9rUbXtpUc1o=",
        "owner": "nixos",
        "repo": "nixpkgs",
        "rev": "01885a071465e223f8f68971f864b15829988504",
        "type": "github"
      },
      "original": {
        "owner": "nixos",
        "ref": "nixos-23.11",
        "repo": "nixpkgs",
        "type": "github"
      }
    },
    "nixpkgs_2": {
      "locked": {
        "lastModified": 1697269602,
        "narHash": "sha256-dSzV7Ud+JH4DPVD9od53EgDrxUVQOcSj4KGjggCDVJI=",
        "owner": "NixOS",
        "repo": "nixpkgs",
        "rev": "9cb540e9c1910d74a7e10736277f6eb9dff51c81",
        "type": "github"
      },
      "original": {
        "owner": "NixOS",
        "repo": "nixpkgs",
        "type": "github"
      }
    },
    "nixpkgs_3": {
      "locked": {
        "lastModified": 1708294118,
        "narHash": "sha256-evZzmLW7qoHXf76VCepvun1esZDxHfVRFUJtumD7L2M=",
        "owner": "nixos",
        "repo": "nixpkgs",
        "rev": "e0da498ad77ac8909a980f07eff060862417ccf7",
        "type": "github"
      },
      "original": {
        "owner": "nixos",
        "ref": "nixos-23.11",
        "repo": "nixpkgs",
        "type": "github"
      }
    },
    "nixpkgs_4": {
      "locked": {
        "lastModified": 1708407374,
        "narHash": "sha256-EECzarm+uqnNDCwaGg/ppXCO11qibZ1iigORShkkDf0=",
        "owner": "NixOS",
        "repo": "nixpkgs",
        "rev": "f33dd27a47ebdf11dc8a5eb05e7c8fbdaf89e73f",
        "type": "github"
      },
      "original": {
        "owner": "NixOS",
        "ref": "nixpkgs-unstable",
        "repo": "nixpkgs",
        "type": "github"
      }
    },
    "nixpkgs_5": {
      "locked": {
        "lastModified": 1707268954,
        "narHash": "sha256-2en1kvde3cJVc3ZnTy8QeD2oKcseLFjYPLKhIGDanQ0=",
        "owner": "nixos",
        "repo": "nixpkgs",
        "rev": "f8e2ebd66d097614d51a56a755450d4ae1632df1",
        "type": "github"
      },
      "original": {
        "owner": "nixos",
        "ref": "nixpkgs-unstable",
        "repo": "nixpkgs",
        "type": "github"
      }
    },
    "nixpkgs_6": {
      "locked": {
        "lastModified": 1691006197,
        "narHash": "sha256-DbtxVWPt+ZP5W0Usg7jAyTomIM//c3Jtfa59Ht7AV8s=",
        "owner": "nixos",
        "repo": "nixpkgs",
        "rev": "66aedfd010204949cb225cf749be08cb13ce1813",
        "type": "github"
      },
      "original": {
        "owner": "nixos",
        "ref": "nixos-unstable",
        "repo": "nixpkgs",
        "type": "github"
      }
    },
    "nixpkgs_7": {
      "locked": {
        "lastModified": 1707091808,
        "narHash": "sha256-LahKBAfGbY836gtpVNnWwBTIzN7yf/uYM/S0g393r0Y=",
        "owner": "nixos",
        "repo": "nixpkgs",
        "rev": "9f2ee8c91ac42da3ae6c6a1d21555f283458247e",
        "type": "github"
      },
      "original": {
        "owner": "nixos",
        "ref": "nixos-23.11",
        "repo": "nixpkgs",
        "type": "github"
      }
    },
    "nlprep": {
      "inputs": {
        "flake-utils": "flake-utils_2",
        "nix-filter": "nix-filter_2",
        "nixpkgs": [
          "its-jointprobability",
          "data-utils",
          "nixpkgs"
        ]
      },
      "locked": {
        "lastModified": 1706709548,
        "narHash": "sha256-Kcnxhezw5joPPpm2LSjWEf1AjcMYfE8xBidkz+LmsC4=",
        "owner": "openeduhub",
        "repo": "nlprep",
        "rev": "2c3d0bb4c0b01897c9c709a8ee40bb5f000ad7df",
        "type": "github"
      },
      "original": {
        "owner": "openeduhub",
        "repo": "nlprep",
        "type": "github"
      }
    },
    "nlprep_2": {
      "inputs": {
        "flake-utils": "flake-utils_4",
        "nix-filter": "nix-filter_6",
        "nixpkgs": [
          "topic-statistics",
          "data-utils",
          "nixpkgs"
        ]
      },
      "locked": {
        "lastModified": 1706709548,
        "narHash": "sha256-Kcnxhezw5joPPpm2LSjWEf1AjcMYfE8xBidkz+LmsC4=",
        "owner": "openeduhub",
        "repo": "nlprep",
        "rev": "2c3d0bb4c0b01897c9c709a8ee40bb5f000ad7df",
        "type": "github"
      },
      "original": {
        "owner": "openeduhub",
        "repo": "nlprep",
        "type": "github"
      }
    },
    "nltk-data": {
      "flake": false,
      "locked": {
        "lastModified": 1675306065,
        "narHash": "sha256-RFywUkesoUL8tbiKLs6Pa+NpoEOq9eu1dP83n5XkNpY=",
        "owner": "nltk",
        "repo": "nltk_data",
        "rev": "5db857e6f7df11eabb5e5665836db9ec8df07e28",
        "type": "github"
      },
      "original": {
        "owner": "nltk",
        "repo": "nltk_data",
        "type": "github"
      }
    },
    "nltk-data_2": {
      "flake": false,
      "locked": {
        "lastModified": 1675306065,
        "narHash": "sha256-RFywUkesoUL8tbiKLs6Pa+NpoEOq9eu1dP83n5XkNpY=",
        "owner": "nltk",
        "repo": "nltk_data",
        "rev": "5db857e6f7df11eabb5e5665836db9ec8df07e28",
        "type": "github"
      },
      "original": {
        "owner": "nltk",
        "repo": "nltk_data",
        "type": "github"
      }
    },
    "nltk-data_3": {
      "flake": false,
      "locked": {
        "lastModified": 1675306065,
        "narHash": "sha256-RFywUkesoUL8tbiKLs6Pa+NpoEOq9eu1dP83n5XkNpY=",
        "owner": "nltk",
        "repo": "nltk_data",
        "rev": "5db857e6f7df11eabb5e5665836db9ec8df07e28",
        "type": "github"
      },
      "original": {
        "owner": "nltk",
        "repo": "nltk_data",
        "type": "github"
      }
    },
    "oeh-metadata-vocabs": {
      "flake": false,
      "locked": {
        "lastModified": 1703161404,
        "narHash": "sha256-2yP+E5CJyW4Bwo/xiXeMUpRO4XQALJm5yD732EfQ5mI=",
        "owner": "openeduhub",
        "repo": "oeh-metadata-vocabs",
        "rev": "60ef29fac552a7a2a522c9dd6e5a508d6f0db5b6",
        "type": "github"
      },
      "original": {
        "owner": "openeduhub",
        "repo": "oeh-metadata-vocabs",
        "type": "github"
      }
    },
    "openapi-checks": {
      "inputs": {
        "auto-openapi-tests": "auto-openapi-tests",
        "flake-utils": [
          "flake-utils"
        ],
        "nixpkgs": [
          "nixpkgs"
        ]
      },
      "locked": {
        "lastModified": 1701952387,
        "narHash": "sha256-M0PsoM8avfVRrTc1NVU6KAgP9JxkZY7Bi761aYC1L7I=",
        "owner": "openeduhub",
        "repo": "nix-openapi-checks",
        "rev": "ca8b06c2c1d2bd605922982e1d05dc3e1a7efce4",
        "type": "github"
      },
      "original": {
        "owner": "openeduhub",
        "repo": "nix-openapi-checks",
        "type": "github"
      }
    },
    "root": {
      "inputs": {
        "flake-utils": "flake-utils",
        "its-jointprobability": "its-jointprobability",
        "nix-filter": "nix-filter_3",
        "nix2container": "nix2container",
        "nixpkgs": "nixpkgs_3",
        "openapi-checks": "openapi-checks",
        "text-extraction": "text-extraction",
        "text-statistics": "text-statistics",
        "topic-statistics": "topic-statistics",
        "wlo-classification": "wlo-classification",
        "wlo-topic-assistant": "wlo-topic-assistant"
      }
    },
    "systems": {
      "locked": {
        "lastModified": 1681028828,
        "narHash": "sha256-Vy1rq5AaRuLzOxct8nz4T6wlgyUR7zLU309k9mBC768=",
        "owner": "nix-systems",
        "repo": "default",
        "rev": "da67096a3b9bf56a91d16901293e51ba5b49a27e",
        "type": "github"
      },
      "original": {
        "owner": "nix-systems",
        "repo": "default",
        "type": "github"
      }
    },
    "systems_2": {
      "locked": {
        "lastModified": 1681028828,
        "narHash": "sha256-Vy1rq5AaRuLzOxct8nz4T6wlgyUR7zLU309k9mBC768=",
        "owner": "nix-systems",
        "repo": "default",
        "rev": "da67096a3b9bf56a91d16901293e51ba5b49a27e",
        "type": "github"
      },
      "original": {
        "owner": "nix-systems",
        "repo": "default",
        "type": "github"
      }
    },
    "systems_3": {
      "locked": {
        "lastModified": 1681028828,
        "narHash": "sha256-Vy1rq5AaRuLzOxct8nz4T6wlgyUR7zLU309k9mBC768=",
        "owner": "nix-systems",
        "repo": "default",
        "rev": "da67096a3b9bf56a91d16901293e51ba5b49a27e",
        "type": "github"
      },
      "original": {
        "owner": "nix-systems",
        "repo": "default",
        "type": "github"
      }
    },
    "systems_4": {
      "locked": {
        "lastModified": 1681028828,
        "narHash": "sha256-Vy1rq5AaRuLzOxct8nz4T6wlgyUR7zLU309k9mBC768=",
        "owner": "nix-systems",
        "repo": "default",
        "rev": "da67096a3b9bf56a91d16901293e51ba5b49a27e",
        "type": "github"
      },
      "original": {
        "owner": "nix-systems",
        "repo": "default",
        "type": "github"
      }
    },
    "text-extraction": {
      "inputs": {
        "flake-utils": [
          "flake-utils"
        ],
        "nix-filter": [
          "nix-filter"
        ],
        "nixpkgs": "nixpkgs_4",
        "openapi-checks": [
          "openapi-checks"
        ]
      },
      "locked": {
        "lastModified": 1707981413,
        "narHash": "sha256-wcaDi5YDXsQQcTtgiJiZT3T3UXMjk0Gbux7v0CrxQ5Y=",
        "owner": "openeduhub",
        "repo": "text-extraction",
        "rev": "6229fa28c880d432246470f0ca47a337fc7afc6f",
        "type": "github"
      },
      "original": {
        "owner": "openeduhub",
        "repo": "text-extraction",
        "type": "github"
      }
    },
    "text-statistics": {
      "inputs": {
        "flake-utils": [
          "flake-utils"
        ],
        "nix-filter": [
          "nix-filter"
        ],
        "nixpkgs": [
          "nixpkgs"
        ],
        "nltk-data": "nltk-data",
        "openapi-checks": [
          "openapi-checks"
        ]
      },
      "locked": {
        "lastModified": 1701851815,
        "narHash": "sha256-cuBwzSNFeFpz1+zy3jFee9O9G505YxsUXCPL49j+YGQ=",
        "owner": "openeduhub",
        "repo": "text-statistics",
        "rev": "10175f88cf379877be98fe7d8e13ff3a2aaefc96",
        "type": "github"
      },
      "original": {
        "owner": "openeduhub",
        "repo": "text-statistics",
        "type": "github"
      }
    },
    "topic-statistics": {
      "inputs": {
        "data-utils": "data-utils_2",
        "flake-utils": [
          "flake-utils"
        ],
        "nix-filter": [
          "nix-filter"
        ],
        "nixpkgs": "nixpkgs_5"
      },
      "locked": {
        "lastModified": 1707484363,
        "narHash": "sha256-ZV6qpvlPJMKlNqHm8WICzyWzG4cYZfFBoKtWMG8UltY=",
        "owner": "openeduhub",
        "repo": "topic-statistics",
        "rev": "54aca54d4674f6269717e1f5f0c84a734e06b6a8",
        "type": "github"
      },
      "original": {
        "owner": "openeduhub",
        "repo": "topic-statistics",
        "type": "github"
      }
    },
    "wlo-classification": {
      "inputs": {
        "flake-utils": [
          "flake-utils"
        ],
        "nixpkgs": "nixpkgs_6",
        "nltk-data": "nltk-data_2",
        "openapi-checks": [
          "openapi-checks"
        ]
      },
      "locked": {
        "lastModified": 1697093488,
        "narHash": "sha256-hLetGkd2XEOEM48r7dQMffyZV90mjq7Q2CjzFAATV6g=",
        "owner": "joopitz",
        "repo": "wlo-classification",
        "rev": "f5a132a1472ef6810c66093cb7321b2aa6ba8410",
        "type": "github"
      },
      "original": {
        "owner": "joopitz",
        "ref": "nix",
        "repo": "wlo-classification",
        "type": "github"
      }
    },
    "wlo-topic-assistant": {
      "inputs": {
        "flake-utils": [
          "flake-utils"
        ],
        "nix-filter": [
          "nix-filter"
        ],
        "nixpkgs": "nixpkgs_7",
        "nltk-data": "nltk-data_3",
        "oeh-metadata-vocabs": "oeh-metadata-vocabs",
        "openapi-checks": [
          "openapi-checks"
        ]
      },
      "locked": {
        "lastModified": 1707318193,
        "narHash": "sha256-/4NclcBPrcuI+1eBxEKcjSk/4IA3D627lV2JP6xuJFY=",
        "owner": "joopitz",
        "repo": "wlo-topic-assistant",
        "rev": "362ede8b34087229bfca9684a3671f2671dc8709",
        "type": "github"
      },
      "original": {
        "owner": "joopitz",
        "ref": "plainNix",
        "repo": "wlo-topic-assistant",
        "type": "github"
      }
    }
  },
  "root": "root",
  "version": 7
}
