{
  "nodes": {
    "flake-utils": {
      "inputs": {
        "systems": "systems"
      },
      "locked": {
        "lastModified": 1689068808,
        "narHash": "sha256-6ixXo3wt24N/melDWjq70UuHQLxGV8jZvooRanIHXw0=",
        "owner": "numtide",
        "repo": "flake-utils",
        "rev": "919d646de7be200f3bf08cb76ae1f09402b6f9b4",
        "type": "github"
      },
      "original": {
        "owner": "numtide",
        "repo": "flake-utils",
        "type": "github"
      }
    },
    "flake-utils_2": {
      "inputs": {
        "systems": "systems_2"
      },
      "locked": {
        "lastModified": 1689068808,
        "narHash": "sha256-6ixXo3wt24N/melDWjq70UuHQLxGV8jZvooRanIHXw0=",
        "owner": "numtide",
        "repo": "flake-utils",
        "rev": "919d646de7be200f3bf08cb76ae1f09402b6f9b4",
        "type": "github"
      },
      "original": {
        "owner": "numtide",
        "repo": "flake-utils",
        "type": "github"
      }
    },
    "flake-utils_3": {
      "inputs": {
        "systems": "systems_3"
      },
      "locked": {
        "lastModified": 1689068808,
        "narHash": "sha256-6ixXo3wt24N/melDWjq70UuHQLxGV8jZvooRanIHXw0=",
        "owner": "numtide",
        "repo": "flake-utils",
        "rev": "919d646de7be200f3bf08cb76ae1f09402b6f9b4",
        "type": "github"
      },
      "original": {
        "owner": "numtide",
        "repo": "flake-utils",
        "type": "github"
      }
    },
    "nix-filter": {
      "locked": {
        "lastModified": 1687178632,
        "narHash": "sha256-HS7YR5erss0JCaUijPeyg2XrisEb959FIct3n2TMGbE=",
        "owner": "numtide",
        "repo": "nix-filter",
        "rev": "d90c75e8319d0dd9be67d933d8eb9d0894ec9174",
        "type": "github"
      },
      "original": {
        "owner": "numtide",
        "repo": "nix-filter",
        "type": "github"
      }
    },
    "nix-filter_2": {
      "locked": {
        "lastModified": 1687178632,
        "narHash": "sha256-HS7YR5erss0JCaUijPeyg2XrisEb959FIct3n2TMGbE=",
        "owner": "numtide",
        "repo": "nix-filter",
        "rev": "d90c75e8319d0dd9be67d933d8eb9d0894ec9174",
        "type": "github"
      },
      "original": {
        "owner": "numtide",
        "repo": "nix-filter",
        "type": "github"
      }
    },
    "nix-filter_3": {
      "locked": {
        "lastModified": 1687178632,
        "narHash": "sha256-HS7YR5erss0JCaUijPeyg2XrisEb959FIct3n2TMGbE=",
        "owner": "numtide",
        "repo": "nix-filter",
        "rev": "d90c75e8319d0dd9be67d933d8eb9d0894ec9174",
        "type": "github"
      },
      "original": {
        "owner": "numtide",
        "repo": "nix-filter",
        "type": "github"
      }
    },
    "nixpkgs": {
      "locked": {
        "lastModified": 1691592289,
        "narHash": "sha256-Lqpw7lrXlLkYra33tp57ms8tZ0StWhbcl80vk4D90F8=",
        "owner": "nixos",
        "repo": "nixpkgs",
        "rev": "9034b46dc4c7596a87ab837bb8a07ef2d887e8c7",
        "type": "github"
      },
      "original": {
        "owner": "nixos",
        "ref": "nixos-23.05",
        "repo": "nixpkgs",
        "type": "github"
      }
    },
    "nixpkgs-unstable": {
      "locked": {
        "lastModified": 1691654369,
        "narHash": "sha256-gSILTEx1jRaJjwZxRlnu3ZwMn1FVNk80qlwiCX8kmpo=",
        "owner": "nixos",
        "repo": "nixpkgs",
        "rev": "ce5e4a6ef2e59d89a971bc434ca8ca222b9c7f5e",
        "type": "github"
      },
      "original": {
        "owner": "nixos",
        "ref": "nixos-unstable",
        "repo": "nixpkgs",
        "type": "github"
      }
    },
    "nixpkgs-unstable_2": {
      "locked": {
        "lastModified": 1691899779,
        "narHash": "sha256-IBf4KVr/UQJlzrqB2/IHtlvmwsvyIVLPerSzCPU/6Xk=",
        "owner": "nixos",
        "repo": "nixpkgs",
        "rev": "100a1550b0e7a64b960c625b656f9229bdef5f87",
        "type": "github"
      },
      "original": {
        "owner": "nixos",
        "ref": "nixos-unstable",
        "repo": "nixpkgs",
        "type": "github"
      }
    },
    "nixpkgs-unstable_3": {
      "locked": {
        "lastModified": 1692084312,
        "narHash": "sha256-Za++qKVK6ovjNL9poQZtLKRM/re663pxzbJ+9M4Pgwg=",
        "owner": "nixos",
        "repo": "nixpkgs",
        "rev": "8353344d3236d3fda429bb471c1ee008857d3b7c",
        "type": "github"
      },
      "original": {
        "owner": "nixos",
        "ref": "nixos-unstable",
        "repo": "nixpkgs",
        "type": "github"
      }
    },
    "nixpkgs-unstable_4": {
      "locked": {
        "lastModified": 1691899779,
        "narHash": "sha256-IBf4KVr/UQJlzrqB2/IHtlvmwsvyIVLPerSzCPU/6Xk=",
        "owner": "nixos",
        "repo": "nixpkgs",
        "rev": "100a1550b0e7a64b960c625b656f9229bdef5f87",
        "type": "github"
      },
      "original": {
        "owner": "nixos",
        "ref": "nixos-unstable",
        "repo": "nixpkgs",
        "type": "github"
      }
    },
    "nixpkgs_2": {
      "locked": {
        "lastModified": 1691950488,
        "narHash": "sha256-iUNEeudc4dGjx+HsHccnGiuZUVE/nhjXuQ1DVCsHIUY=",
        "owner": "nixos",
        "repo": "nixpkgs",
        "rev": "720e61ed8de116eec48d6baea1d54469b536b985",
        "type": "github"
      },
      "original": {
        "owner": "nixos",
        "ref": "nixos-23.05",
        "repo": "nixpkgs",
        "type": "github"
      }
    },
    "nixpkgs_3": {
      "locked": {
        "lastModified": 1691950488,
        "narHash": "sha256-iUNEeudc4dGjx+HsHccnGiuZUVE/nhjXuQ1DVCsHIUY=",
        "owner": "nixos",
        "repo": "nixpkgs",
        "rev": "720e61ed8de116eec48d6baea1d54469b536b985",
        "type": "github"
      },
      "original": {
        "owner": "nixos",
        "ref": "nixos-23.05",
        "repo": "nixpkgs",
        "type": "github"
      }
    },
    "nixpkgs_4": {
      "locked": {
        "lastModified": 1691006197,
        "narHash": "sha256-DbtxVWPt+ZP5W0Usg7jAyTomIM//c3Jtfa59Ht7AV8s=",
        "owner": "nixos",
        "repo": "nixpkgs",
        "rev": "66aedfd010204949cb225cf749be08cb13ce1813",
        "type": "github"
      },
      "original": {
        "owner": "nixos",
        "ref": "nixos-unstable",
        "repo": "nixpkgs",
        "type": "github"
      }
    },
    "openapi-checks": {
      "inputs": {
        "flake-utils": [
          "flake-utils"
        ],
        "nixpkgs": [
          "nixpkgs"
        ],
        "nixpkgs-unstable": [
          "nixpkgs-unstable"
        ]
      },
      "locked": {
        "lastModified": 1692023274,
        "narHash": "sha256-PiL/koPiJ4qa/6fsWjP9scS8CQdBTL9BMzNTJFUQ0pk=",
        "owner": "openeduhub",
        "repo": "nix-openapi-checks",
        "rev": "47dfb71557761242cd8b269d4953087f3a617d1a",
        "type": "github"
      },
      "original": {
        "owner": "openeduhub",
        "repo": "nix-openapi-checks",
        "type": "github"
      }
    },
    "openapi-checks_2": {
      "inputs": {
        "flake-utils": "flake-utils_2",
        "nixpkgs": "nixpkgs_2",
        "nixpkgs-unstable": "nixpkgs-unstable_2"
      },
      "locked": {
        "lastModified": 1692023274,
        "narHash": "sha256-PiL/koPiJ4qa/6fsWjP9scS8CQdBTL9BMzNTJFUQ0pk=",
        "ref": "refs/heads/main",
        "rev": "47dfb71557761242cd8b269d4953087f3a617d1a",
        "revCount": 3,
        "type": "git",
        "url": "file:///home/yusu/work/ITsJointly/projects/openapi-checks"
      },
      "original": {
        "type": "git",
        "url": "file:///home/yusu/work/ITsJointly/projects/openapi-checks"
      }
    },
    "openapi-checks_3": {
      "inputs": {
        "flake-utils": "flake-utils_3",
        "nixpkgs": "nixpkgs_3",
        "nixpkgs-unstable": "nixpkgs-unstable_4"
      },
      "locked": {
        "lastModified": 1692023274,
        "narHash": "sha256-PiL/koPiJ4qa/6fsWjP9scS8CQdBTL9BMzNTJFUQ0pk=",
        "ref": "refs/heads/main",
        "rev": "47dfb71557761242cd8b269d4953087f3a617d1a",
        "revCount": 3,
        "type": "git",
        "url": "file:///home/yusu/work/ITsJointly/projects/openapi-checks"
      },
      "original": {
        "type": "git",
        "url": "file:///home/yusu/work/ITsJointly/projects/openapi-checks"
      }
    },
    "root": {
      "inputs": {
        "flake-utils": "flake-utils",
        "nix-filter": "nix-filter",
        "nixpkgs": "nixpkgs",
        "nixpkgs-unstable": "nixpkgs-unstable",
        "openapi-checks": "openapi-checks",
        "text-extraction": "text-extraction",
        "text-statistics": "text-statistics",
        "wlo-classification": "wlo-classification",
        "wlo-topic-assistant": "wlo-topic-assistant"
      }
    },
    "systems": {
      "locked": {
        "lastModified": 1681028828,
        "narHash": "sha256-Vy1rq5AaRuLzOxct8nz4T6wlgyUR7zLU309k9mBC768=",
        "owner": "nix-systems",
        "repo": "default",
        "rev": "da67096a3b9bf56a91d16901293e51ba5b49a27e",
        "type": "github"
      },
      "original": {
        "owner": "nix-systems",
        "repo": "default",
        "type": "github"
      }
    },
    "systems_2": {
      "locked": {
        "lastModified": 1681028828,
        "narHash": "sha256-Vy1rq5AaRuLzOxct8nz4T6wlgyUR7zLU309k9mBC768=",
        "owner": "nix-systems",
        "repo": "default",
        "rev": "da67096a3b9bf56a91d16901293e51ba5b49a27e",
        "type": "github"
      },
      "original": {
        "owner": "nix-systems",
        "repo": "default",
        "type": "github"
      }
    },
    "systems_3": {
      "locked": {
        "lastModified": 1681028828,
        "narHash": "sha256-Vy1rq5AaRuLzOxct8nz4T6wlgyUR7zLU309k9mBC768=",
        "owner": "nix-systems",
        "repo": "default",
        "rev": "da67096a3b9bf56a91d16901293e51ba5b49a27e",
        "type": "github"
      },
      "original": {
        "owner": "nix-systems",
        "repo": "default",
        "type": "github"
      }
    },
    "text-extraction": {
      "inputs": {
        "flake-utils": [
          "flake-utils"
        ],
        "nix-filter": "nix-filter_2",
        "nixpkgs": [
          "nixpkgs"
        ],
        "openapi-checks": "openapi-checks_2"
      },
      "locked": {
        "lastModified": 1692184812,
        "narHash": "sha256-6a9weUQ1AUN2foWGIp07cadmo7gJHJU6xjvdZfVwwCg=",
        "owner": "openeduhub",
        "repo": "text-extraction",
        "rev": "407e0793603526dc37a1ad53107d0f2ee5cebf6a",
        "type": "github"
      },
      "original": {
        "owner": "openeduhub",
        "repo": "text-extraction",
        "type": "github"
      }
    },
    "text-statistics": {
      "inputs": {
        "flake-utils": [
          "flake-utils"
        ],
        "nixpkgs": [
          "nixpkgs"
        ],
        "nixpkgs-unstable": "nixpkgs-unstable_3",
        "openapi-checks": "openapi-checks_3"
      },
      "locked": {
        "lastModified": 1692186513,
        "narHash": "sha256-5pIbtS76/doRAYxXypGskqLcv900Uy2qzQSDSFSBwbQ=",
        "owner": "openeduhub",
        "repo": "text-statistics",
        "rev": "0d456cef9d2da1ec793f81d64412c240f2a00162",
        "type": "github"
      },
      "original": {
        "owner": "openeduhub",
        "repo": "text-statistics",
        "type": "github"
      }
    },
    "wlo-classification": {
      "inputs": {
        "flake-utils": [
          "flake-utils"
        ],
        "nixpkgs": "nixpkgs_4"
      },
      "locked": {
        "lastModified": 1691745898,
        "narHash": "sha256-gBYRx+ooDPLkC3iUe4Krsw1XW93KIkK8wOz+tRiNhGo=",
        "owner": "joopitz",
        "repo": "wlo-classification",
        "rev": "8d8aca24b7d63dd920ef1009ce7bbe971a36c3f0",
        "type": "github"
      },
      "original": {
        "owner": "joopitz",
        "ref": "nix",
        "repo": "wlo-classification",
        "type": "github"
      }
    },
    "wlo-topic-assistant": {
      "inputs": {
        "flake-utils": [
          "flake-utils"
        ],
        "nix-filter": "nix-filter_3",
        "nixpkgs": [
          "nixpkgs"
        ]
      },
      "locked": {
        "lastModified": 1691756086,
        "narHash": "sha256-Pu45xcUaA6BVH1tL19mEvTXG6UscbpIGDeeDl7Em2Ok=",
        "owner": "joopitz",
        "repo": "wlo-topic-assistant",
        "rev": "189eb2c80ff4abea3228ff3d73acd6d01934d940",
        "type": "github"
      },
      "original": {
        "owner": "joopitz",
        "ref": "plainNix",
        "repo": "wlo-topic-assistant",
        "type": "github"
      }
    }
  },
  "root": "root",
  "version": 7
}
